// !$*UTF8*$!
{
	archiveVersion = 1;
	classes = {
	};
	objectVersion = 77;
	objects = {

/* Begin PBXBuildFile section */
		7B93FE1E2D0548080058F09A /* Preview Assets.xcassets in Resources */ = {isa = PBXBuildFile; fileRef = 7B93FE182D0548080058F09A /* Preview Assets.xcassets */; };
		7B93FE1F2D0548080058F09A /* Assets.xcassets in Resources */ = {isa = PBXBuildFile; fileRef = 7B93FE1A2D0548080058F09A /* Assets.xcassets */; };
		7B93FE202D0548080058F09A /* HomeView.swift in Sources */ = {isa = PBXBuildFile; fileRef = 7B93FE1B2D0548080058F09A /* HomeView.swift */; };
		7B93FE212D0548080058F09A /* DreamWriterApp.swift in Sources */ = {isa = PBXBuildFile; fileRef = 7B93FE1C2D0548080058F09A /* DreamWriterApp.swift */; };
		7B93FE232D0548880058F09A /* LaunchScreen.storyboard in Resources */ = {isa = PBXBuildFile; fileRef = 7B93FE222D0548880058F09A /* LaunchScreen.storyboard */; };
		7B93FE252D0549210058F09A /* RoundedLogo.png in Resources */ = {isa = PBXBuildFile; fileRef = 7B93FE242D0549210058F09A /* RoundedLogo.png */; };
		7B93FE272D05496D0058F09A /* AboutView.swift in Sources */ = {isa = PBXBuildFile; fileRef = 7B93FE262D05496D0058F09A /* AboutView.swift */; };
		7B93FE292D054A510058F09A /* BackgroundView.swift in Sources */ = {isa = PBXBuildFile; fileRef = 7B93FE282D054A510058F09A /* BackgroundView.swift */; };
		7B93FE2C2D054F450058F09A /* Story.swift in Sources */ = {isa = PBXBuildFile; fileRef = 7B93FE2B2D054F450058F09A /* Story.swift */; };
		7B93FE2E2D054F5E0058F09A /* Chapter.swift in Sources */ = {isa = PBXBuildFile; fileRef = 7B93FE2D2D054F5E0058F09A /* Chapter.swift */; };
		7B93FE302D0559450058F09A /* ModeSelectionButton.swift in Sources */ = {isa = PBXBuildFile; fileRef = 7B93FE2F2D0559450058F09A /* ModeSelectionButton.swift */; };
		7B93FE322D0559720058F09A /* PromptInputView.swift in Sources */ = {isa = PBXBuildFile; fileRef = 7B93FE312D0559720058F09A /* PromptInputView.swift */; };
		7B93FE352D056A3A0058F09A /* SwiftOpenAI in Frameworks */ = {isa = PBXBuildFile; productRef = 7B93FE342D056A3A0058F09A /* SwiftOpenAI */; };
/* End PBXBuildFile section */

/* Begin PBXContainerItemProxy section */
		7B46FD302D0546CA008527EA /* PBXContainerItemProxy */ = {
			isa = PBXContainerItemProxy;
			containerPortal = 7B46FD172D0546C9008527EA /* Project object */;
			proxyType = 1;
			remoteGlobalIDString = 7B46FD1E2D0546C9008527EA;
			remoteInfo = DreamWriter;
		};
		7B46FD3A2D0546CA008527EA /* PBXContainerItemProxy */ = {
			isa = PBXContainerItemProxy;
			containerPortal = 7B46FD172D0546C9008527EA /* Project object */;
			proxyType = 1;
			remoteGlobalIDString = 7B46FD1E2D0546C9008527EA;
			remoteInfo = DreamWriter;
		};
/* End PBXContainerItemProxy section */

/* Begin PBXFileReference section */
		7B46FD1F2D0546C9008527EA /* DreamWriter.app */ = {isa = PBXFileReference; explicitFileType = wrapper.application; includeInIndex = 0; path = DreamWriter.app; sourceTree = BUILT_PRODUCTS_DIR; };
		7B46FD2F2D0546CA008527EA /* DreamWriterTests.xctest */ = {isa = PBXFileReference; explicitFileType = wrapper.cfbundle; includeInIndex = 0; path = DreamWriterTests.xctest; sourceTree = BUILT_PRODUCTS_DIR; };
		7B46FD392D0546CA008527EA /* DreamWriterUITests.xctest */ = {isa = PBXFileReference; explicitFileType = wrapper.cfbundle; includeInIndex = 0; path = DreamWriterUITests.xctest; sourceTree = BUILT_PRODUCTS_DIR; };
		7B93FE182D0548080058F09A /* Preview Assets.xcassets */ = {isa = PBXFileReference; lastKnownFileType = folder.assetcatalog; path = "Preview Assets.xcassets"; sourceTree = "<group>"; };
		7B93FE1A2D0548080058F09A /* Assets.xcassets */ = {isa = PBXFileReference; lastKnownFileType = folder.assetcatalog; path = Assets.xcassets; sourceTree = "<group>"; };
		7B93FE1B2D0548080058F09A /* HomeView.swift */ = {isa = PBXFileReference; lastKnownFileType = sourcecode.swift; path = HomeView.swift; sourceTree = "<group>"; };
		7B93FE1C2D0548080058F09A /* DreamWriterApp.swift */ = {isa = PBXFileReference; lastKnownFileType = sourcecode.swift; path = DreamWriterApp.swift; sourceTree = "<group>"; };
		7B93FE222D0548880058F09A /* LaunchScreen.storyboard */ = {isa = PBXFileReference; lastKnownFileType = file.storyboard; path = LaunchScreen.storyboard; sourceTree = "<group>"; };
		7B93FE242D0549210058F09A /* RoundedLogo.png */ = {isa = PBXFileReference; lastKnownFileType = image.png; path = RoundedLogo.png; sourceTree = "<group>"; };
		7B93FE262D05496D0058F09A /* AboutView.swift */ = {isa = PBXFileReference; lastKnownFileType = sourcecode.swift; path = AboutView.swift; sourceTree = "<group>"; };
		7B93FE282D054A510058F09A /* BackgroundView.swift */ = {isa = PBXFileReference; lastKnownFileType = sourcecode.swift; path = BackgroundView.swift; sourceTree = "<group>"; };
		7B93FE2B2D054F450058F09A /* Story.swift */ = {isa = PBXFileReference; lastKnownFileType = sourcecode.swift; path = Story.swift; sourceTree = "<group>"; };
		7B93FE2D2D054F5E0058F09A /* Chapter.swift */ = {isa = PBXFileReference; lastKnownFileType = sourcecode.swift; path = Chapter.swift; sourceTree = "<group>"; };
		7B93FE2F2D0559450058F09A /* ModeSelectionButton.swift */ = {isa = PBXFileReference; lastKnownFileType = sourcecode.swift; path = ModeSelectionButton.swift; sourceTree = "<group>"; };
		7B93FE312D0559720058F09A /* PromptInputView.swift */ = {isa = PBXFileReference; lastKnownFileType = sourcecode.swift; path = PromptInputView.swift; sourceTree = "<group>"; };
/* End PBXFileReference section */

/* Begin PBXFileSystemSynchronizedRootGroup section */
		7B46FD322D0546CA008527EA /* DreamWriterTests */ = {
			isa = PBXFileSystemSynchronizedRootGroup;
			path = DreamWriterTests;
			sourceTree = "<group>";
		};
		7B46FD3C2D0546CA008527EA /* DreamWriterUITests */ = {
			isa = PBXFileSystemSynchronizedRootGroup;
			path = DreamWriterUITests;
			sourceTree = "<group>";
		};
/* End PBXFileSystemSynchronizedRootGroup section */

/* Begin PBXFrameworksBuildPhase section */
		7B46FD1C2D0546C9008527EA /* Frameworks */ = {
			isa = PBXFrameworksBuildPhase;
			buildActionMask = 2147483647;
			files = (
				7B93FE352D056A3A0058F09A /* SwiftOpenAI in Frameworks */,
			);
			runOnlyForDeploymentPostprocessing = 0;
		};
		7B46FD2C2D0546CA008527EA /* Frameworks */ = {
			isa = PBXFrameworksBuildPhase;
			buildActionMask = 2147483647;
			files = (
			);
			runOnlyForDeploymentPostprocessing = 0;
		};
		7B46FD362D0546CA008527EA /* Frameworks */ = {
			isa = PBXFrameworksBuildPhase;
			buildActionMask = 2147483647;
			files = (
			);
			runOnlyForDeploymentPostprocessing = 0;
		};
/* End PBXFrameworksBuildPhase section */

/* Begin PBXGroup section */
		7B46FD162D0546C9008527EA = {
			isa = PBXGroup;
			children = (
				7B93FE1D2D0548080058F09A /* DreamWriter */,
				7B46FD322D0546CA008527EA /* DreamWriterTests */,
				7B46FD3C2D0546CA008527EA /* DreamWriterUITests */,
				7B46FD202D0546C9008527EA /* Products */,
			);
			sourceTree = "<group>";
		};
		7B46FD202D0546C9008527EA /* Products */ = {
			isa = PBXGroup;
			children = (
				7B46FD1F2D0546C9008527EA /* DreamWriter.app */,
				7B46FD2F2D0546CA008527EA /* DreamWriterTests.xctest */,
				7B46FD392D0546CA008527EA /* DreamWriterUITests.xctest */,
			);
			name = Products;
			sourceTree = "<group>";
		};
		7B93FE192D0548080058F09A /* Preview Content */ = {
			isa = PBXGroup;
			children = (
				7B93FE182D0548080058F09A /* Preview Assets.xcassets */,
			);
			path = "Preview Content";
			sourceTree = "<group>";
		};
		7B93FE1D2D0548080058F09A /* DreamWriter */ = {
			isa = PBXGroup;
			children = (
				7B93FE1C2D0548080058F09A /* DreamWriterApp.swift */,
				7B93FE1B2D0548080058F09A /* HomeView.swift */,
				7B93FE2F2D0559450058F09A /* ModeSelectionButton.swift */,
				7B93FE312D0559720058F09A /* PromptInputView.swift */,
				7B93FE262D05496D0058F09A /* AboutView.swift */,
				7B93FE282D054A510058F09A /* BackgroundView.swift */,
				7B93FE2A2D054F3B0058F09A /* Story Management */,
				7B93FE1A2D0548080058F09A /* Assets.xcassets */,
				7B93FE222D0548880058F09A /* LaunchScreen.storyboard */,
				7B93FE242D0549210058F09A /* RoundedLogo.png */,
				7B93FE192D0548080058F09A /* Preview Content */,
			);
			path = DreamWriter;
			sourceTree = "<group>";
		};
		7B93FE2A2D054F3B0058F09A /* Story Management */ = {
			isa = PBXGroup;
			children = (
				7B93FE2B2D054F450058F09A /* Story.swift */,
				7B93FE2D2D054F5E0058F09A /* Chapter.swift */,
			);
			path = "Story Management";
			sourceTree = "<group>";
		};
/* End PBXGroup section */

/* Begin PBXNativeTarget section */
		7B46FD1E2D0546C9008527EA /* DreamWriter */ = {
			isa = PBXNativeTarget;
			buildConfigurationList = 7B46FD432D0546CA008527EA /* Build configuration list for PBXNativeTarget "DreamWriter" */;
			buildPhases = (
				7B46FD1B2D0546C9008527EA /* Sources */,
				7B46FD1C2D0546C9008527EA /* Frameworks */,
				7B46FD1D2D0546C9008527EA /* Resources */,
			);
			buildRules = (
			);
			dependencies = (
			);
			name = DreamWriter;
			packageProductDependencies = (
				7B93FE342D056A3A0058F09A /* SwiftOpenAI */,
			);
			productName = DreamWriter;
			productReference = 7B46FD1F2D0546C9008527EA /* DreamWriter.app */;
			productType = "com.apple.product-type.application";
		};
		7B46FD2E2D0546CA008527EA /* DreamWriterTests */ = {
			isa = PBXNativeTarget;
			buildConfigurationList = 7B46FD462D0546CA008527EA /* Build configuration list for PBXNativeTarget "DreamWriterTests" */;
			buildPhases = (
				7B46FD2B2D0546CA008527EA /* Sources */,
				7B46FD2C2D0546CA008527EA /* Frameworks */,
				7B46FD2D2D0546CA008527EA /* Resources */,
			);
			buildRules = (
			);
			dependencies = (
				7B46FD312D0546CA008527EA /* PBXTargetDependency */,
			);
			fileSystemSynchronizedGroups = (
				7B46FD322D0546CA008527EA /* DreamWriterTests */,
			);
			name = DreamWriterTests;
			packageProductDependencies = (
			);
			productName = DreamWriterTests;
			productReference = 7B46FD2F2D0546CA008527EA /* DreamWriterTests.xctest */;
			productType = "com.apple.product-type.bundle.unit-test";
		};
		7B46FD382D0546CA008527EA /* DreamWriterUITests */ = {
			isa = PBXNativeTarget;
			buildConfigurationList = 7B46FD492D0546CA008527EA /* Build configuration list for PBXNativeTarget "DreamWriterUITests" */;
			buildPhases = (
				7B46FD352D0546CA008527EA /* Sources */,
				7B46FD362D0546CA008527EA /* Frameworks */,
				7B46FD372D0546CA008527EA /* Resources */,
			);
			buildRules = (
			);
			dependencies = (
				7B46FD3B2D0546CA008527EA /* PBXTargetDependency */,
			);
			fileSystemSynchronizedGroups = (
				7B46FD3C2D0546CA008527EA /* DreamWriterUITests */,
			);
			name = DreamWriterUITests;
			packageProductDependencies = (
			);
			productName = DreamWriterUITests;
			productReference = 7B46FD392D0546CA008527EA /* DreamWriterUITests.xctest */;
			productType = "com.apple.product-type.bundle.ui-testing";
		};
/* End PBXNativeTarget section */

/* Begin PBXProject section */
		7B46FD172D0546C9008527EA /* Project object */ = {
			isa = PBXProject;
			attributes = {
				BuildIndependentTargetsInParallel = 1;
				LastSwiftUpdateCheck = 1610;
				LastUpgradeCheck = 1610;
				TargetAttributes = {
					7B46FD1E2D0546C9008527EA = {
						CreatedOnToolsVersion = 16.1;
					};
					7B46FD2E2D0546CA008527EA = {
						CreatedOnToolsVersion = 16.1;
						TestTargetID = 7B46FD1E2D0546C9008527EA;
					};
					7B46FD382D0546CA008527EA = {
						CreatedOnToolsVersion = 16.1;
						TestTargetID = 7B46FD1E2D0546C9008527EA;
					};
				};
			};
			buildConfigurationList = 7B46FD1A2D0546C9008527EA /* Build configuration list for PBXProject "DreamWriter" */;
			developmentRegion = en;
			hasScannedForEncodings = 0;
			knownRegions = (
				en,
				Base,
			);
			mainGroup = 7B46FD162D0546C9008527EA;
			minimizedProjectReferenceProxies = 1;
			packageReferences = (
				7B93FE332D056A3A0058F09A /* XCRemoteSwiftPackageReference "SwiftOpenAI" */,
			);
			preferredProjectObjectVersion = 77;
			productRefGroup = 7B46FD202D0546C9008527EA /* Products */;
			projectDirPath = "";
			projectRoot = "";
			targets = (
				7B46FD1E2D0546C9008527EA /* DreamWriter */,
				7B46FD2E2D0546CA008527EA /* DreamWriterTests */,
				7B46FD382D0546CA008527EA /* DreamWriterUITests */,
			);
		};
/* End PBXProject section */

/* Begin PBXResourcesBuildPhase section */
		7B46FD1D2D0546C9008527EA /* Resources */ = {
			isa = PBXResourcesBuildPhase;
			buildActionMask = 2147483647;
			files = (
				7B93FE252D0549210058F09A /* RoundedLogo.png in Resources */,
				7B93FE232D0548880058F09A /* LaunchScreen.storyboard in Resources */,
				7B93FE1E2D0548080058F09A /* Preview Assets.xcassets in Resources */,
				7B93FE1F2D0548080058F09A /* Assets.xcassets in Resources */,
			);
			runOnlyForDeploymentPostprocessing = 0;
		};
		7B46FD2D2D0546CA008527EA /* Resources */ = {
			isa = PBXResourcesBuildPhase;
			buildActionMask = 2147483647;
			files = (
			);
			runOnlyForDeploymentPostprocessing = 0;
		};
		7B46FD372D0546CA008527EA /* Resources */ = {
			isa = PBXResourcesBuildPhase;
			buildActionMask = 2147483647;
			files = (
			);
			runOnlyForDeploymentPostprocessing = 0;
		};
/* End PBXResourcesBuildPhase section */

/* Begin PBXSourcesBuildPhase section */
		7B46FD1B2D0546C9008527EA /* Sources */ = {
			isa = PBXSourcesBuildPhase;
			buildActionMask = 2147483647;
			files = (
				7B93FE202D0548080058F09A /* HomeView.swift in Sources */,
				7B93FE302D0559450058F09A /* ModeSelectionButton.swift in Sources */,
				7B93FE272D05496D0058F09A /* AboutView.swift in Sources */,
				7B93FE292D054A510058F09A /* BackgroundView.swift in Sources */,
				7B93FE2E2D054F5E0058F09A /* Chapter.swift in Sources */,
				7B93FE322D0559720058F09A /* PromptInputView.swift in Sources */,
				7B93FE212D0548080058F09A /* DreamWriterApp.swift in Sources */,
				7B93FE2C2D054F450058F09A /* Story.swift in Sources */,
			);
			runOnlyForDeploymentPostprocessing = 0;
		};
		7B46FD2B2D0546CA008527EA /* Sources */ = {
			isa = PBXSourcesBuildPhase;
			buildActionMask = 2147483647;
			files = (
			);
			runOnlyForDeploymentPostprocessing = 0;
		};
		7B46FD352D0546CA008527EA /* Sources */ = {
			isa = PBXSourcesBuildPhase;
			buildActionMask = 2147483647;
			files = (
			);
			runOnlyForDeploymentPostprocessing = 0;
		};
/* End PBXSourcesBuildPhase section */

/* Begin PBXTargetDependency section */
		7B46FD312D0546CA008527EA /* PBXTargetDependency */ = {
			isa = PBXTargetDependency;
			target = 7B46FD1E2D0546C9008527EA /* DreamWriter */;
			targetProxy = 7B46FD302D0546CA008527EA /* PBXContainerItemProxy */;
		};
		7B46FD3B2D0546CA008527EA /* PBXTargetDependency */ = {
			isa = PBXTargetDependency;
			target = 7B46FD1E2D0546C9008527EA /* DreamWriter */;
			targetProxy = 7B46FD3A2D0546CA008527EA /* PBXContainerItemProxy */;
		};
/* End PBXTargetDependency section */

/* Begin XCBuildConfiguration section */
		7B46FD412D0546CA008527EA /* Debug */ = {
			isa = XCBuildConfiguration;
			buildSettings = {
				ALWAYS_SEARCH_USER_PATHS = NO;
				ASSETCATALOG_COMPILER_GENERATE_SWIFT_ASSET_SYMBOL_EXTENSIONS = YES;
				CLANG_ANALYZER_NONNULL = YES;
				CLANG_ANALYZER_NUMBER_OBJECT_CONVERSION = YES_AGGRESSIVE;
				CLANG_CXX_LANGUAGE_STANDARD = "gnu++20";
				CLANG_ENABLE_MODULES = YES;
				CLANG_ENABLE_OBJC_ARC = YES;
				CLANG_ENABLE_OBJC_WEAK = YES;
				CLANG_WARN_BLOCK_CAPTURE_AUTORELEASING = YES;
				CLANG_WARN_BOOL_CONVERSION = YES;
				CLANG_WARN_COMMA = YES;
				CLANG_WARN_CONSTANT_CONVERSION = YES;
				CLANG_WARN_DEPRECATED_OBJC_IMPLEMENTATIONS = YES;
				CLANG_WARN_DIRECT_OBJC_ISA_USAGE = YES_ERROR;
				CLANG_WARN_DOCUMENTATION_COMMENTS = YES;
				CLANG_WARN_EMPTY_BODY = YES;
				CLANG_WARN_ENUM_CONVERSION = YES;
				CLANG_WARN_INFINITE_RECURSION = YES;
				CLANG_WARN_INT_CONVERSION = YES;
				CLANG_WARN_NON_LITERAL_NULL_CONVERSION = YES;
				CLANG_WARN_OBJC_IMPLICIT_RETAIN_SELF = YES;
				CLANG_WARN_OBJC_LITERAL_CONVERSION = YES;
				CLANG_WARN_OBJC_ROOT_CLASS = YES_ERROR;
				CLANG_WARN_QUOTED_INCLUDE_IN_FRAMEWORK_HEADER = YES;
				CLANG_WARN_RANGE_LOOP_ANALYSIS = YES;
				CLANG_WARN_STRICT_PROTOTYPES = YES;
				CLANG_WARN_SUSPICIOUS_MOVE = YES;
				CLANG_WARN_UNGUARDED_AVAILABILITY = YES_AGGRESSIVE;
				CLANG_WARN_UNREACHABLE_CODE = YES;
				CLANG_WARN__DUPLICATE_METHOD_MATCH = YES;
				COPY_PHASE_STRIP = NO;
				DEBUG_INFORMATION_FORMAT = dwarf;
				ENABLE_STRICT_OBJC_MSGSEND = YES;
				ENABLE_TESTABILITY = YES;
				ENABLE_USER_SCRIPT_SANDBOXING = YES;
				GCC_C_LANGUAGE_STANDARD = gnu17;
				GCC_DYNAMIC_NO_PIC = NO;
				GCC_NO_COMMON_BLOCKS = YES;
				GCC_OPTIMIZATION_LEVEL = 0;
				GCC_PREPROCESSOR_DEFINITIONS = (
					"DEBUG=1",
					"$(inherited)",
				);
				GCC_WARN_64_TO_32_BIT_CONVERSION = YES;
				GCC_WARN_ABOUT_RETURN_TYPE = YES_ERROR;
				GCC_WARN_UNDECLARED_SELECTOR = YES;
				GCC_WARN_UNINITIALIZED_AUTOS = YES_AGGRESSIVE;
				GCC_WARN_UNUSED_FUNCTION = YES;
				GCC_WARN_UNUSED_VARIABLE = YES;
				IPHONEOS_DEPLOYMENT_TARGET = 18.1;
				LOCALIZATION_PREFERS_STRING_CATALOGS = YES;
				MTL_ENABLE_DEBUG_INFO = INCLUDE_SOURCE;
				MTL_FAST_MATH = YES;
				ONLY_ACTIVE_ARCH = YES;
				SDKROOT = iphoneos;
				SWIFT_ACTIVE_COMPILATION_CONDITIONS = "DEBUG $(inherited)";
				SWIFT_OPTIMIZATION_LEVEL = "-Onone";
			};
			name = Debug;
		};
		7B46FD422D0546CA008527EA /* Release */ = {
			isa = XCBuildConfiguration;
			buildSettings = {
				ALWAYS_SEARCH_USER_PATHS = NO;
				ASSETCATALOG_COMPILER_GENERATE_SWIFT_ASSET_SYMBOL_EXTENSIONS = YES;
				CLANG_ANALYZER_NONNULL = YES;
				CLANG_ANALYZER_NUMBER_OBJECT_CONVERSION = YES_AGGRESSIVE;
				CLANG_CXX_LANGUAGE_STANDARD = "gnu++20";
				CLANG_ENABLE_MODULES = YES;
				CLANG_ENABLE_OBJC_ARC = YES;
				CLANG_ENABLE_OBJC_WEAK = YES;
				CLANG_WARN_BLOCK_CAPTURE_AUTORELEASING = YES;
				CLANG_WARN_BOOL_CONVERSION = YES;
				CLANG_WARN_COMMA = YES;
				CLANG_WARN_CONSTANT_CONVERSION = YES;
				CLANG_WARN_DEPRECATED_OBJC_IMPLEMENTATIONS = YES;
				CLANG_WARN_DIRECT_OBJC_ISA_USAGE = YES_ERROR;
				CLANG_WARN_DOCUMENTATION_COMMENTS = YES;
				CLANG_WARN_EMPTY_BODY = YES;
				CLANG_WARN_ENUM_CONVERSION = YES;
				CLANG_WARN_INFINITE_RECURSION = YES;
				CLANG_WARN_INT_CONVERSION = YES;
				CLANG_WARN_NON_LITERAL_NULL_CONVERSION = YES;
				CLANG_WARN_OBJC_IMPLICIT_RETAIN_SELF = YES;
				CLANG_WARN_OBJC_LITERAL_CONVERSION = YES;
				CLANG_WARN_OBJC_ROOT_CLASS = YES_ERROR;
				CLANG_WARN_QUOTED_INCLUDE_IN_FRAMEWORK_HEADER = YES;
				CLANG_WARN_RANGE_LOOP_ANALYSIS = YES;
				CLANG_WARN_STRICT_PROTOTYPES = YES;
				CLANG_WARN_SUSPICIOUS_MOVE = YES;
				CLANG_WARN_UNGUARDED_AVAILABILITY = YES_AGGRESSIVE;
				CLANG_WARN_UNREACHABLE_CODE = YES;
				CLANG_WARN__DUPLICATE_METHOD_MATCH = YES;
				COPY_PHASE_STRIP = NO;
				DEBUG_INFORMATION_FORMAT = "dwarf-with-dsym";
				ENABLE_NS_ASSERTIONS = NO;
				ENABLE_STRICT_OBJC_MSGSEND = YES;
				ENABLE_USER_SCRIPT_SANDBOXING = YES;
				GCC_C_LANGUAGE_STANDARD = gnu17;
				GCC_NO_COMMON_BLOCKS = YES;
				GCC_WARN_64_TO_32_BIT_CONVERSION = YES;
				GCC_WARN_ABOUT_RETURN_TYPE = YES_ERROR;
				GCC_WARN_UNDECLARED_SELECTOR = YES;
				GCC_WARN_UNINITIALIZED_AUTOS = YES_AGGRESSIVE;
				GCC_WARN_UNUSED_FUNCTION = YES;
				GCC_WARN_UNUSED_VARIABLE = YES;
				IPHONEOS_DEPLOYMENT_TARGET = 18.1;
				LOCALIZATION_PREFERS_STRING_CATALOGS = YES;
				MTL_ENABLE_DEBUG_INFO = NO;
				MTL_FAST_MATH = YES;
				SDKROOT = iphoneos;
				SWIFT_COMPILATION_MODE = wholemodule;
				VALIDATE_PRODUCT = YES;
			};
			name = Release;
		};
		7B46FD442D0546CA008527EA /* Debug */ = {
			isa = XCBuildConfiguration;
			buildSettings = {
				ASSETCATALOG_COMPILER_APPICON_NAME = AppIcon;
				ASSETCATALOG_COMPILER_GLOBAL_ACCENT_COLOR_NAME = AccentColor;
				CODE_SIGN_STYLE = Automatic;
				CURRENT_PROJECT_VERSION = 1;
				DEVELOPMENT_ASSET_PATHS = "\"DreamWriter/Preview Content\"";
				DEVELOPMENT_TEAM = 5BE9AG9X7E;
				ENABLE_PREVIEWS = YES;
				GENERATE_INFOPLIST_FILE = YES;
				INFOPLIST_KEY_UIApplicationSceneManifest_Generation = YES;
				INFOPLIST_KEY_UIApplicationSupportsIndirectInputEvents = YES;
				INFOPLIST_KEY_UILaunchScreen_Generation = YES;
				INFOPLIST_KEY_UISupportedInterfaceOrientations_iPad = "UIInterfaceOrientationPortrait UIInterfaceOrientationPortraitUpsideDown UIInterfaceOrientationLandscapeLeft UIInterfaceOrientationLandscapeRight";
				INFOPLIST_KEY_UISupportedInterfaceOrientations_iPhone = "UIInterfaceOrientationPortrait UIInterfaceOrientationLandscapeLeft UIInterfaceOrientationLandscapeRight";
				LD_RUNPATH_SEARCH_PATHS = (
					"$(inherited)",
					"@executable_path/Frameworks",
				);
				MARKETING_VERSION = 1.0;
				PRODUCT_BUNDLE_IDENTIFIER = com.matthew.DreamWriter;
				PRODUCT_NAME = "$(TARGET_NAME)";
				SWIFT_EMIT_LOC_STRINGS = YES;
				SWIFT_VERSION = 5.0;
				TARGETED_DEVICE_FAMILY = "1,2";
			};
			name = Debug;
		};
		7B46FD452D0546CA008527EA /* Release */ = {
			isa = XCBuildConfiguration;
			buildSettings = {
				ASSETCATALOG_COMPILER_APPICON_NAME = AppIcon;
				ASSETCATALOG_COMPILER_GLOBAL_ACCENT_COLOR_NAME = AccentColor;
				CODE_SIGN_STYLE = Automatic;
				CURRENT_PROJECT_VERSION = 1;
				DEVELOPMENT_ASSET_PATHS = "\"DreamWriter/Preview Content\"";
				DEVELOPMENT_TEAM = 5BE9AG9X7E;
				ENABLE_PREVIEWS = YES;
				GENERATE_INFOPLIST_FILE = YES;
				INFOPLIST_KEY_UIApplicationSceneManifest_Generation = YES;
				INFOPLIST_KEY_UIApplicationSupportsIndirectInputEvents = YES;
				INFOPLIST_KEY_UILaunchScreen_Generation = YES;
				INFOPLIST_KEY_UISupportedInterfaceOrientations_iPad = "UIInterfaceOrientationPortrait UIInterfaceOrientationPortraitUpsideDown UIInterfaceOrientationLandscapeLeft UIInterfaceOrientationLandscapeRight";
				INFOPLIST_KEY_UISupportedInterfaceOrientations_iPhone = "UIInterfaceOrientationPortrait UIInterfaceOrientationLandscapeLeft UIInterfaceOrientationLandscapeRight";
				LD_RUNPATH_SEARCH_PATHS = (
					"$(inherited)",
					"@executable_path/Frameworks",
				);
				MARKETING_VERSION = 1.0;
				PRODUCT_BUNDLE_IDENTIFIER = com.matthew.DreamWriter;
				PRODUCT_NAME = "$(TARGET_NAME)";
				SWIFT_EMIT_LOC_STRINGS = YES;
				SWIFT_VERSION = 5.0;
				TARGETED_DEVICE_FAMILY = "1,2";
			};
			name = Release;
		};
		7B46FD472D0546CA008527EA /* Debug */ = {
			isa = XCBuildConfiguration;
			buildSettings = {
				BUNDLE_LOADER = "$(TEST_HOST)";
				CODE_SIGN_STYLE = Automatic;
				CURRENT_PROJECT_VERSION = 1;
				DEVELOPMENT_TEAM = 5BE9AG9X7E;
				GENERATE_INFOPLIST_FILE = YES;
				IPHONEOS_DEPLOYMENT_TARGET = 18.1;
				MARKETING_VERSION = 1.0;
				PRODUCT_BUNDLE_IDENTIFIER = com.matthew.DreamWriterTests;
				PRODUCT_NAME = "$(TARGET_NAME)";
				SWIFT_EMIT_LOC_STRINGS = NO;
				SWIFT_VERSION = 5.0;
				TARGETED_DEVICE_FAMILY = "1,2";
				TEST_HOST = "$(BUILT_PRODUCTS_DIR)/DreamWriter.app/$(BUNDLE_EXECUTABLE_FOLDER_PATH)/DreamWriter";
			};
			name = Debug;
		};
		7B46FD482D0546CA008527EA /* Release */ = {
			isa = XCBuildConfiguration;
			buildSettings = {
				BUNDLE_LOADER = "$(TEST_HOST)";
				CODE_SIGN_STYLE = Automatic;
				CURRENT_PROJECT_VERSION = 1;
				DEVELOPMENT_TEAM = 5BE9AG9X7E;
				GENERATE_INFOPLIST_FILE = YES;
				IPHONEOS_DEPLOYMENT_TARGET = 18.1;
				MARKETING_VERSION = 1.0;
				PRODUCT_BUNDLE_IDENTIFIER = com.matthew.DreamWriterTests;
				PRODUCT_NAME = "$(TARGET_NAME)";
				SWIFT_EMIT_LOC_STRINGS = NO;
				SWIFT_VERSION = 5.0;
				TARGETED_DEVICE_FAMILY = "1,2";
				TEST_HOST = "$(BUILT_PRODUCTS_DIR)/DreamWriter.app/$(BUNDLE_EXECUTABLE_FOLDER_PATH)/DreamWriter";
			};
			name = Release;
		};
		7B46FD4A2D0546CA008527EA /* Debug */ = {
			isa = XCBuildConfiguration;
			buildSettings = {
				CODE_SIGN_STYLE = Automatic;
				CURRENT_PROJECT_VERSION = 1;
				DEVELOPMENT_TEAM = 5BE9AG9X7E;
				GENERATE_INFOPLIST_FILE = YES;
				MARKETING_VERSION = 1.0;
				PRODUCT_BUNDLE_IDENTIFIER = com.matthew.DreamWriterUITests;
				PRODUCT_NAME = "$(TARGET_NAME)";
				SWIFT_EMIT_LOC_STRINGS = NO;
				SWIFT_VERSION = 5.0;
				TARGETED_DEVICE_FAMILY = "1,2";
				TEST_TARGET_NAME = DreamWriter;
			};
			name = Debug;
		};
		7B46FD4B2D0546CA008527EA /* Release */ = {
			isa = XCBuildConfiguration;
			buildSettings = {
				CODE_SIGN_STYLE = Automatic;
				CURRENT_PROJECT_VERSION = 1;
				DEVELOPMENT_TEAM = 5BE9AG9X7E;
				GENERATE_INFOPLIST_FILE = YES;
				MARKETING_VERSION = 1.0;
				PRODUCT_BUNDLE_IDENTIFIER = com.matthew.DreamWriterUITests;
				PRODUCT_NAME = "$(TARGET_NAME)";
				SWIFT_EMIT_LOC_STRINGS = NO;
				SWIFT_VERSION = 5.0;
				TARGETED_DEVICE_FAMILY = "1,2";
				TEST_TARGET_NAME = DreamWriter;
			};
			name = Release;
		};
/* End XCBuildConfiguration section */

/* Begin XCConfigurationList section */
		7B46FD1A2D0546C9008527EA /* Build configuration list for PBXProject "DreamWriter" */ = {
			isa = XCConfigurationList;
			buildConfigurations = (
				7B46FD412D0546CA008527EA /* Debug */,
				7B46FD422D0546CA008527EA /* Release */,
			);
			defaultConfigurationIsVisible = 0;
			defaultConfigurationName = Release;
		};
		7B46FD432D0546CA008527EA /* Build configuration list for PBXNativeTarget "DreamWriter" */ = {
			isa = XCConfigurationList;
			buildConfigurations = (
				7B46FD442D0546CA008527EA /* Debug */,
				7B46FD452D0546CA008527EA /* Release */,
			);
			defaultConfigurationIsVisible = 0;
			defaultConfigurationName = Release;
		};
		7B46FD462D0546CA008527EA /* Build configuration list for PBXNativeTarget "DreamWriterTests" */ = {
			isa = XCConfigurationList;
			buildConfigurations = (
				7B46FD472D0546CA008527EA /* Debug */,
				7B46FD482D0546CA008527EA /* Release */,
			);
			defaultConfigurationIsVisible = 0;
			defaultConfigurationName = Release;
		};
		7B46FD492D0546CA008527EA /* Build configuration list for PBXNativeTarget "DreamWriterUITests" */ = {
			isa = XCConfigurationList;
			buildConfigurations = (
				7B46FD4A2D0546CA008527EA /* Debug */,
				7B46FD4B2D0546CA008527EA /* Release */,
			);
			defaultConfigurationIsVisible = 0;
			defaultConfigurationName = Release;
		};
/* End XCConfigurationList section */

/* Begin XCRemoteSwiftPackageReference section */
		7B93FE332D056A3A0058F09A /* XCRemoteSwiftPackageReference "SwiftOpenAI" */ = {
			isa = XCRemoteSwiftPackageReference;
			repositoryURL = "https://github.com/SwiftBeta/SwiftOpenAI.git";
			requirement = {
				kind = upToNextMajorVersion;
				minimumVersion = 1.9.0;
			};
		};
/* End XCRemoteSwiftPackageReference section */

/* Begin XCSwiftPackageProductDependency section */
		7B93FE342D056A3A0058F09A /* SwiftOpenAI */ = {
			isa = XCSwiftPackageProductDependency;
			package = 7B93FE332D056A3A0058F09A /* XCRemoteSwiftPackageReference "SwiftOpenAI" */;
			productName = SwiftOpenAI;
		};
/* End XCSwiftPackageProductDependency section */
	};
	rootObject = 7B46FD172D0546C9008527EA /* Project object */;
}
